
Microsoft Visual Studio Solution File, Format Version 12.00
# Visual Studio Version 17
VisualStudioVersion = 17.5.002.0
MinimumVisualStudioVersion = 10.0.40219.1
Project("{9A19103F-16F7-4668-BE54-9A1E7A4F7556}") = "TEst", "TEst.csproj", "{EAA7F239-3A0D-4EEC-960F-1BF9B837ED86}"
EndProject
Global
	GlobalSection(SolutionConfigurationPlatforms) = preSolution
		Debug|Any CPU = Debug|Any CPU
		Release|Any CPU = Release|Any CPU
	EndGlobalSection
	GlobalSection(ProjectConfigurationPlatforms) = postSolution
		{EAA7F239-3A0D-4EEC-960F-1BF9B837ED86}.Debug|Any CPU.ActiveCfg = Debug|Any CPU
		{EAA7F239-3A0D-4EEC-960F-1BF9B837ED86}.Debug|Any CPU.Build.0 = Debug|Any CPU
		{EAA7F239-3A0D-4EEC-960F-1BF9B837ED86}.Release|Any CPU.ActiveCfg = Release|Any CPU
		{EAA7F239-3A0D-4EEC-960F-1BF9B837ED86}.Release|Any CPU.Build.0 = Release|Any CPU
	EndGlobalSection
	GlobalSection(SolutionProperties) = preSolution
		HideSolutionNode = FALSE
	EndGlobalSection
	GlobalSection(ExtensibilityGlobals) = postSolution
		SolutionGuid = {75AD616C-4A44-4C41-A43F-F8DDA0D78367}
	EndGlobalSection
EndGlobal
